// !$*UTF8*$!
{
	archiveVersion = 1;
	classes = {
	};
	objectVersion = 46;
	objects = {

/* Begin PBXBuildFile section */
		2D84614F16D4B664000EF8AF /* InfoPlist.strings in Resources */ = {isa = PBXBuildFile; fileRef = 2D84614D16D4B664000EF8AF /* InfoPlist.strings */; };
		2D84615516D4B664000EF8AF /* Credits.rtf in Resources */ = {isa = PBXBuildFile; fileRef = 2D84615316D4B664000EF8AF /* Credits.rtf */; };
		2D84616516D4B74A000EF8AF /* SDLMain.m in Sources */ = {isa = PBXBuildFile; fileRef = 2DAF064916D2AEBF006EC098 /* SDLMain.m */; };
		2D8461E816D4BA05000EF8AF /* OpenGL.framework in Frameworks */ = {isa = PBXBuildFile; fileRef = 2DAF063216D2AA2F006EC098 /* OpenGL.framework */; };
		2DAF064A16D2AEBF006EC098 /* SDLMain.m in Sources */ = {isa = PBXBuildFile; fileRef = 2DAF064916D2AEBF006EC098 /* SDLMain.m */; };
		E6452B6F1DCA781A00ED00A9 /* SDL.framework in Frameworks */ = {isa = PBXBuildFile; fileRef = E6452B6E1DCA781A00ED00A9 /* SDL.framework */; };
		E6452B711DCA789100ED00A9 /* SDL_mixer.framework in Frameworks */ = {isa = PBXBuildFile; fileRef = E6452B701DCA789100ED00A9 /* SDL_mixer.framework */; };
		E6452BF71DCA7AA500ED00A9 /* AnimGenerator.cpp in Sources */ = {isa = PBXBuildFile; fileRef = E6452B771DCA7AA500ED00A9 /* AnimGenerator.cpp */; };
		E6452BF81DCA7AA500ED00A9 /* Beam.cpp in Sources */ = {isa = PBXBuildFile; fileRef = E6452B791DCA7AA500ED00A9 /* Beam.cpp */; };
		E6452BF91DCA7AA500ED00A9 /* Boss.cpp in Sources */ = {isa = PBXBuildFile; fileRef = E6452B7B1DCA7AA500ED00A9 /* Boss.cpp */; };
		E6452BFA1DCA7AA500ED00A9 /* BrainBoss.cpp in Sources */ = {isa = PBXBuildFile; fileRef = E6452B7D1DCA7AA500ED00A9 /* BrainBoss.cpp */; };
		E6452BFB1DCA7AA500ED00A9 /* BrainCell.cpp in Sources */ = {isa = PBXBuildFile; fileRef = E6452B7F1DCA7AA500ED00A9 /* BrainCell.cpp */; };
		E6452BFC1DCA7AA500ED00A9 /* BreakScenery.cpp in Sources */ = {isa = PBXBuildFile; fileRef = E6452B811DCA7AA500ED00A9 /* BreakScenery.cpp */; };
		E6452BFD1DCA7AA500ED00A9 /* Bug.cpp in Sources */ = {isa = PBXBuildFile; fileRef = E6452B831DCA7AA500ED00A9 /* Bug.cpp */; };
		E6452BFE1DCA7AA500ED00A9 /* Bullet.cpp in Sources */ = {isa = PBXBuildFile; fileRef = E6452B851DCA7AA500ED00A9 /* Bullet.cpp */; };
		E6452BFF1DCA7AA500ED00A9 /* Button.cpp in Sources */ = {isa = PBXBuildFile; fileRef = E6452B871DCA7AA500ED00A9 /* Button.cpp */; };
		E6452C001DCA7AA500ED00A9 /* CheckPoint.cpp in Sources */ = {isa = PBXBuildFile; fileRef = E6452B891DCA7AA500ED00A9 /* CheckPoint.cpp */; };
		E6452C011DCA7AA500ED00A9 /* Debris.cpp in Sources */ = {isa = PBXBuildFile; fileRef = E6452B8B1DCA7AA500ED00A9 /* Debris.cpp */; };
		E6452C021DCA7AA500ED00A9 /* Demo.cpp in Sources */ = {isa = PBXBuildFile; fileRef = E6452B8D1DCA7AA500ED00A9 /* Demo.cpp */; };
		E6452C031DCA7AA500ED00A9 /* Editor_Anims.cpp in Sources */ = {isa = PBXBuildFile; fileRef = E6452B8F1DCA7AA500ED00A9 /* Editor_Anims.cpp */; };
		E6452C041DCA7AA500ED00A9 /* Editor_EntityProperties.cpp in Sources */ = {isa = PBXBuildFile; fileRef = E6452B901DCA7AA500ED00A9 /* Editor_EntityProperties.cpp */; };
		E6452C051DCA7AA500ED00A9 /* Editor.cpp in Sources */ = {isa = PBXBuildFile; fileRef = E6452B911DCA7AA500ED00A9 /* Editor.cpp */; };
		E6452C061DCA7AA500ED00A9 /* Engine_Generators.cpp in Sources */ = {isa = PBXBuildFile; fileRef = E6452B921DCA7AA500ED00A9 /* Engine_Generators.cpp */; };
		E6452C071DCA7AA500ED00A9 /* Engine.cpp in Sources */ = {isa = PBXBuildFile; fileRef = E6452B931DCA7AA500ED00A9 /* Engine.cpp */; };
		E6452C081DCA7AA500ED00A9 /* Entity.cpp in Sources */ = {isa = PBXBuildFile; fileRef = E6452B951DCA7AA500ED00A9 /* Entity.cpp */; };
		E6452C091DCA7AA500ED00A9 /* Explosion.cpp in Sources */ = {isa = PBXBuildFile; fileRef = E6452B971DCA7AA500ED00A9 /* Explosion.cpp */; };
		E6452C0A1DCA7AA500ED00A9 /* Fighter.cpp in Sources */ = {isa = PBXBuildFile; fileRef = E6452B991DCA7AA500ED00A9 /* Fighter.cpp */; };
		E6452C0B1DCA7AA500ED00A9 /* FileIO.cpp in Sources */ = {isa = PBXBuildFile; fileRef = E6452B9B1DCA7AA500ED00A9 /* FileIO.cpp */; };
		E6452C0C1DCA7AA500ED00A9 /* Fire.cpp in Sources */ = {isa = PBXBuildFile; fileRef = E6452B9D1DCA7AA500ED00A9 /* Fire.cpp */; };
		E6452C0D1DCA7AA500ED00A9 /* firebug.cpp in Sources */ = {isa = PBXBuildFile; fileRef = E6452B9F1DCA7AA500ED00A9 /* firebug.cpp */; };
		E6452C0E1DCA7AA500ED00A9 /* Font.cpp in Sources */ = {isa = PBXBuildFile; fileRef = E6452BA11DCA7AA500ED00A9 /* Font.cpp */; };
		E6452C0F1DCA7AA500ED00A9 /* FrontEnd.cpp in Sources */ = {isa = PBXBuildFile; fileRef = E6452BA31DCA7AA500ED00A9 /* FrontEnd.cpp */; };
		E6452C101DCA7AA500ED00A9 /* Game.cpp in Sources */ = {isa = PBXBuildFile; fileRef = E6452BA41DCA7AA500ED00A9 /* Game.cpp */; };
		E6452C111DCA7AA500ED00A9 /* Generator.cpp in Sources */ = {isa = PBXBuildFile; fileRef = E6452BA51DCA7AA500ED00A9 /* Generator.cpp */; };
		E6452C121DCA7AA500ED00A9 /* Geo2D_Draw.cpp in Sources */ = {isa = PBXBuildFile; fileRef = E6452BA71DCA7AA500ED00A9 /* Geo2D_Draw.cpp */; };
		E6452C131DCA7AA500ED00A9 /* Geo2D.cpp in Sources */ = {isa = PBXBuildFile; fileRef = E6452BA91DCA7AA500ED00A9 /* Geo2D.cpp */; };
		E6452C141DCA7AA500ED00A9 /* HUD.cpp in Sources */ = {isa = PBXBuildFile; fileRef = E6452BAC1DCA7AA500ED00A9 /* HUD.cpp */; };
		E6452C151DCA7AA500ED00A9 /* LadyBird.cpp in Sources */ = {isa = PBXBuildFile; fileRef = E6452BAD1DCA7AA500ED00A9 /* LadyBird.cpp */; };
		E6452C161DCA7AA500ED00A9 /* Log.cpp in Sources */ = {isa = PBXBuildFile; fileRef = E6452BAF1DCA7AA500ED00A9 /* Log.cpp */; };
		E6452C171DCA7AA500ED00A9 /* Map.cpp in Sources */ = {isa = PBXBuildFile; fileRef = E6452BB11DCA7AA500ED00A9 /* Map.cpp */; };
		E6452C181DCA7AA500ED00A9 /* MidBoss.cpp in Sources */ = {isa = PBXBuildFile; fileRef = E6452BB21DCA7AA500ED00A9 /* MidBoss.cpp */; };
		E6452C191DCA7AA500ED00A9 /* Orb.cpp in Sources */ = {isa = PBXBuildFile; fileRef = E6452BB41DCA7AA500ED00A9 /* Orb.cpp */; };
		E6452C1A1DCA7AA500ED00A9 /* Player.cpp in Sources */ = {isa = PBXBuildFile; fileRef = E6452BB61DCA7AA500ED00A9 /* Player.cpp */; };
		E6452C1B1DCA7AA500ED00A9 /* PostEffects.cpp in Sources */ = {isa = PBXBuildFile; fileRef = E6452BB81DCA7AA500ED00A9 /* PostEffects.cpp */; };
		E6452C1C1DCA7AA500ED00A9 /* PowerDroid.cpp in Sources */ = {isa = PBXBuildFile; fileRef = E6452BB91DCA7AA500ED00A9 /* PowerDroid.cpp */; };
		E6452C1D1DCA7AA500ED00A9 /* PowerUp.cpp in Sources */ = {isa = PBXBuildFile; fileRef = E6452BBB1DCA7AA500ED00A9 /* PowerUp.cpp */; };
		E6452C1E1DCA7AA500ED00A9 /* Profiler.cpp in Sources */ = {isa = PBXBuildFile; fileRef = E6452BBD1DCA7AA500ED00A9 /* Profiler.cpp */; };
		E6452C1F1DCA7AA500ED00A9 /* ProtoType.cpp in Sources */ = {isa = PBXBuildFile; fileRef = E6452BBF1DCA7AA500ED00A9 /* ProtoType.cpp */; };
		E6452C201DCA7AA500ED00A9 /* RandExplosion.cpp in Sources */ = {isa = PBXBuildFile; fileRef = E6452BC01DCA7AA500ED00A9 /* RandExplosion.cpp */; };
		E6452C211DCA7AA500ED00A9 /* Rhino.cpp in Sources */ = {isa = PBXBuildFile; fileRef = E6452BC51DCA7AA500ED00A9 /* Rhino.cpp */; };
		E6452C221DCA7AA500ED00A9 /* Rocket.cpp in Sources */ = {isa = PBXBuildFile; fileRef = E6452BC71DCA7AA500ED00A9 /* Rocket.cpp */; };
		E6452C231DCA7AA500ED00A9 /* Serializer.cpp in Sources */ = {isa = PBXBuildFile; fileRef = E6452BCA1DCA7AA500ED00A9 /* Serializer.cpp */; };
		E6452C241DCA7AA500ED00A9 /* Serpent.cpp in Sources */ = {isa = PBXBuildFile; fileRef = E6452BCC1DCA7AA500ED00A9 /* Serpent.cpp */; };
		E6452C251DCA7AA500ED00A9 /* SolarFlare.cpp in Sources */ = {isa = PBXBuildFile; fileRef = E6452BCE1DCA7AA500ED00A9 /* SolarFlare.cpp */; };
		E6452C261DCA7AA500ED00A9 /* Sound.cpp in Sources */ = {isa = PBXBuildFile; fileRef = E6452BD11DCA7AA500ED00A9 /* Sound.cpp */; };
		E6452C271DCA7AA500ED00A9 /* SpaceTrash.cpp in Sources */ = {isa = PBXBuildFile; fileRef = E6452BD31DCA7AA500ED00A9 /* SpaceTrash.cpp */; };
		E6452C281DCA7AA500ED00A9 /* Sperm.cpp in Sources */ = {isa = PBXBuildFile; fileRef = E6452BD51DCA7AA500ED00A9 /* Sperm.cpp */; };
		E6452C291DCA7AA500ED00A9 /* Sprite.cpp in Sources */ = {isa = PBXBuildFile; fileRef = E6452BD71DCA7AA500ED00A9 /* Sprite.cpp */; };
		E6452C2A1DCA7AA500ED00A9 /* SpriteEffect.cpp in Sources */ = {isa = PBXBuildFile; fileRef = E6452BD91DCA7AA500ED00A9 /* SpriteEffect.cpp */; };
		E6452C2B1DCA7AA500ED00A9 /* SpriteSheet.cpp in Sources */ = {isa = PBXBuildFile; fileRef = E6452BDB1DCA7AA500ED00A9 /* SpriteSheet.cpp */; };
		E6452C2C1DCA7AA500ED00A9 /* StarBurst.cpp in Sources */ = {isa = PBXBuildFile; fileRef = E6452BDD1DCA7AA500ED00A9 /* StarBurst.cpp */; };
		E6452C2D1DCA7AA500ED00A9 /* stdafx.cpp in Sources */ = {isa = PBXBuildFile; fileRef = E6452BDF1DCA7AA500ED00A9 /* stdafx.cpp */; };
		E6452C2E1DCA7AA500ED00A9 /* SuperTurret.cpp in Sources */ = {isa = PBXBuildFile; fileRef = E6452BE11DCA7AA500ED00A9 /* SuperTurret.cpp */; };
		E6452C2F1DCA7AA500ED00A9 /* Timer.cpp in Sources */ = {isa = PBXBuildFile; fileRef = E6452BE41DCA7AA500ED00A9 /* Timer.cpp */; };
		E6452C301DCA7AA500ED00A9 /* TriggerSlowDown.cpp in Sources */ = {isa = PBXBuildFile; fileRef = E6452BE61DCA7AA500ED00A9 /* TriggerSlowDown.cpp */; };
		E6452C311DCA7AA500ED00A9 /* TriggerSpeedUp.cpp in Sources */ = {isa = PBXBuildFile; fileRef = E6452BE81DCA7AA500ED00A9 /* TriggerSpeedUp.cpp */; };
		E6452C321DCA7AA500ED00A9 /* Turret.cpp in Sources */ = {isa = PBXBuildFile; fileRef = E6452BEA1DCA7AA500ED00A9 /* Turret.cpp */; };
		E6452C331DCA7AA500ED00A9 /* UTIL_bitop.cpp in Sources */ = {isa = PBXBuildFile; fileRef = E6452BEC1DCA7AA500ED00A9 /* UTIL_bitop.cpp */; };
		E6452C341DCA7AA500ED00A9 /* UTIL_Fade.cpp in Sources */ = {isa = PBXBuildFile; fileRef = E6452BEE1DCA7AA500ED00A9 /* UTIL_Fade.cpp */; };
		E6452C351DCA7AA500ED00A9 /* UTIL_Misc.cpp in Sources */ = {isa = PBXBuildFile; fileRef = E6452BF01DCA7AA500ED00A9 /* UTIL_Misc.cpp */; };
		E6452C361DCA7AA500ED00A9 /* UTIL_openGL.cpp in Sources */ = {isa = PBXBuildFile; fileRef = E6452BF21DCA7AA500ED00A9 /* UTIL_openGL.cpp */; };
		E6452C371DCA7AA500ED00A9 /* UTIL_SDL.cpp in Sources */ = {isa = PBXBuildFile; fileRef = E6452BF41DCA7AA500ED00A9 /* UTIL_SDL.cpp */; };
		E6452C3B1DCA7BA400ED00A9 /* Cocoa.framework in Frameworks */ = {isa = PBXBuildFile; fileRef = E6452C3A1DCA7BA400ED00A9 /* Cocoa.framework */; };
		E67BDE4F1DCA721E00CD7CDB /* libz.tbd in Frameworks */ = {isa = PBXBuildFile; fileRef = E67BDE4E1DCA721E00CD7CDB /* libz.tbd */; };
		E6AE2D201E37F0CE008344A4 /* OpenGL.framework in Frameworks */ = {isa = PBXBuildFile; fileRef = 2DAF063216D2AA2F006EC098 /* OpenGL.framework */; };
		E6AE2D211E391F9D008344A4 /* libIL.dylib in Frameworks */ = {isa = PBXBuildFile; fileRef = E6452B681DCA773F00ED00A9 /* libIL.dylib */; };
		E6AE2D221E391FA5008344A4 /* libILU.dylib in Frameworks */ = {isa = PBXBuildFile; fileRef = E6452B6A1DCA775E00ED00A9 /* libILU.dylib */; };
		E6AE2D231E391FAE008344A4 /* libILUT.dylib in Frameworks */ = {isa = PBXBuildFile; fileRef = E6452B6C1DCA776600ED00A9 /* libILUT.dylib */; };
/* End PBXBuildFile section */

/* Begin PBXCopyFilesBuildPhase section */
		2D84616016D4B69B000EF8AF /* CopyFiles */ = {
			isa = PBXCopyFilesBuildPhase;
			buildActionMask = 2147483647;
			dstPath = "";
			dstSubfolderSpec = 10;
			files = (
			);
			runOnlyForDeploymentPostprocessing = 0;
		};
		2DB3117E16D2A99400D9BC33 /* CopyFiles */ = {
			isa = PBXCopyFilesBuildPhase;
			buildActionMask = 2147483647;
			dstPath = /usr/share/man/man1/;
			dstSubfolderSpec = 0;
			files = (
			);
			runOnlyForDeploymentPostprocessing = 1;
		};
/* End PBXCopyFilesBuildPhase section */

/* Begin PBXFileReference section */
		2D84614216D4B664000EF8AF /* Prototype.app */ = {isa = PBXFileReference; explicitFileType = wrapper.application; includeInIndex = 0; path = Prototype.app; sourceTree = BUILT_PRODUCTS_DIR; };
		2D84614716D4B664000EF8AF /* AppKit.framework */ = {isa = PBXFileReference; lastKnownFileType = wrapper.framework; name = AppKit.framework; path = System/Library/Frameworks/AppKit.framework; sourceTree = SDKROOT; };
		2D84614816D4B664000EF8AF /* CoreData.framework */ = {isa = PBXFileReference; lastKnownFileType = wrapper.framework; name = CoreData.framework; path = System/Library/Frameworks/CoreData.framework; sourceTree = SDKROOT; };
		2D84614916D4B664000EF8AF /* Foundation.framework */ = {isa = PBXFileReference; lastKnownFileType = wrapper.framework; name = Foundation.framework; path = System/Library/Frameworks/Foundation.framework; sourceTree = SDKROOT; };
		2D84614C16D4B664000EF8AF /* Prototype_Bundled-Info.plist */ = {isa = PBXFileReference; lastKnownFileType = text.plist.xml; path = "Prototype_Bundled-Info.plist"; sourceTree = "<group>"; };
		2D84614E16D4B664000EF8AF /* en */ = {isa = PBXFileReference; lastKnownFileType = text.plist.strings; name = en; path = en.lproj/InfoPlist.strings; sourceTree = "<group>"; };
		2D84615216D4B664000EF8AF /* Prototype_Bundled-Prefix.pch */ = {isa = PBXFileReference; lastKnownFileType = sourcecode.c.h; path = "Prototype_Bundled-Prefix.pch"; sourceTree = "<group>"; };
		2D84615416D4B664000EF8AF /* en */ = {isa = PBXFileReference; lastKnownFileType = text.rtf; name = en; path = en.lproj/Credits.rtf; sourceTree = "<group>"; };
		2DAF063216D2AA2F006EC098 /* OpenGL.framework */ = {isa = PBXFileReference; lastKnownFileType = wrapper.framework; name = OpenGL.framework; path = System/Library/Frameworks/OpenGL.framework; sourceTree = SDKROOT; };
		2DAF064816D2AEBF006EC098 /* SDLMain.h */ = {isa = PBXFileReference; fileEncoding = 4; lastKnownFileType = sourcecode.c.h; path = SDLMain.h; sourceTree = "<group>"; };
		2DAF064916D2AEBF006EC098 /* SDLMain.m */ = {isa = PBXFileReference; fileEncoding = 4; lastKnownFileType = sourcecode.c.objc; path = SDLMain.m; sourceTree = "<group>"; };
		2DB3118016D2A99400D9BC33 /* Prototype */ = {isa = PBXFileReference; explicitFileType = "compiled.mach-o.executable"; includeInIndex = 0; path = Prototype; sourceTree = BUILT_PRODUCTS_DIR; };
		E6452B681DCA773F00ED00A9 /* libIL.dylib */ = {isa = PBXFileReference; lastKnownFileType = "compiled.mach-o.dylib"; name = libIL.dylib; path = ../../../../usr/local/lib/libIL.dylib; sourceTree = "<group>"; };
		E6452B6A1DCA775E00ED00A9 /* libILU.dylib */ = {isa = PBXFileReference; lastKnownFileType = "compiled.mach-o.dylib"; name = libILU.dylib; path = ../../../../usr/local/lib/libILU.dylib; sourceTree = "<group>"; };
		E6452B6C1DCA776600ED00A9 /* libILUT.dylib */ = {isa = PBXFileReference; lastKnownFileType = "compiled.mach-o.dylib"; name = libILUT.dylib; path = ../../../../usr/local/lib/libILUT.dylib; sourceTree = "<group>"; };
		E6452B6E1DCA781A00ED00A9 /* SDL.framework */ = {isa = PBXFileReference; lastKnownFileType = wrapper.framework; name = SDL.framework; path = ../../../../Library/Frameworks/SDL.framework; sourceTree = "<group>"; };
		E6452B701DCA789100ED00A9 /* SDL_mixer.framework */ = {isa = PBXFileReference; lastKnownFileType = wrapper.framework; name = SDL_mixer.framework; path = ../../../../Library/Frameworks/SDL_mixer.framework; sourceTree = "<group>"; };
		E6452B771DCA7AA500ED00A9 /* AnimGenerator.cpp */ = {isa = PBXFileReference; fileEncoding = 4; lastKnownFileType = sourcecode.cpp.cpp; name = AnimGenerator.cpp; path = ../src/AnimGenerator.cpp; sourceTree = "<group>"; };
		E6452B781DCA7AA500ED00A9 /* AnimGenerator.h */ = {isa = PBXFileReference; fileEncoding = 4; lastKnownFileType = sourcecode.c.h; name = AnimGenerator.h; path = ../src/AnimGenerator.h; sourceTree = "<group>"; };
		E6452B791DCA7AA500ED00A9 /* Beam.cpp */ = {isa = PBXFileReference; fileEncoding = 4; lastKnownFileType = sourcecode.cpp.cpp; name = Beam.cpp; path = ../src/Beam.cpp; sourceTree = "<group>"; };
		E6452B7A1DCA7AA500ED00A9 /* Beam.h */ = {isa = PBXFileReference; fileEncoding = 4; lastKnownFileType = sourcecode.c.h; name = Beam.h; path = ../src/Beam.h; sourceTree = "<group>"; };
		E6452B7B1DCA7AA500ED00A9 /* Boss.cpp */ = {isa = PBXFileReference; fileEncoding = 4; lastKnownFileType = sourcecode.cpp.cpp; name = Boss.cpp; path = ../src/Boss.cpp; sourceTree = "<group>"; };
		E6452B7C1DCA7AA500ED00A9 /* Boss.h */ = {isa = PBXFileReference; fileEncoding = 4; lastKnownFileType = sourcecode.c.h; name = Boss.h; path = ../src/Boss.h; sourceTree = "<group>"; };
		E6452B7D1DCA7AA500ED00A9 /* BrainBoss.cpp */ = {isa = PBXFileReference; fileEncoding = 4; lastKnownFileType = sourcecode.cpp.cpp; name = BrainBoss.cpp; path = ../src/BrainBoss.cpp; sourceTree = "<group>"; };
		E6452B7E1DCA7AA500ED00A9 /* BrainBoss.h */ = {isa = PBXFileReference; fileEncoding = 4; lastKnownFileType = sourcecode.c.h; name = BrainBoss.h; path = ../src/BrainBoss.h; sourceTree = "<group>"; };
		E6452B7F1DCA7AA500ED00A9 /* BrainCell.cpp */ = {isa = PBXFileReference; fileEncoding = 4; lastKnownFileType = sourcecode.cpp.cpp; name = BrainCell.cpp; path = ../src/BrainCell.cpp; sourceTree = "<group>"; };
		E6452B801DCA7AA500ED00A9 /* BrainCell.h */ = {isa = PBXFileReference; fileEncoding = 4; lastKnownFileType = sourcecode.c.h; name = BrainCell.h; path = ../src/BrainCell.h; sourceTree = "<group>"; };
		E6452B811DCA7AA500ED00A9 /* BreakScenery.cpp */ = {isa = PBXFileReference; fileEncoding = 4; lastKnownFileType = sourcecode.cpp.cpp; name = BreakScenery.cpp; path = ../src/BreakScenery.cpp; sourceTree = "<group>"; };
		E6452B821DCA7AA500ED00A9 /* BreakScenery.h */ = {isa = PBXFileReference; fileEncoding = 4; lastKnownFileType = sourcecode.c.h; name = BreakScenery.h; path = ../src/BreakScenery.h; sourceTree = "<group>"; };
		E6452B831DCA7AA500ED00A9 /* Bug.cpp */ = {isa = PBXFileReference; fileEncoding = 4; lastKnownFileType = sourcecode.cpp.cpp; name = Bug.cpp; path = ../src/Bug.cpp; sourceTree = "<group>"; };
		E6452B841DCA7AA500ED00A9 /* Bug.h */ = {isa = PBXFileReference; fileEncoding = 4; lastKnownFileType = sourcecode.c.h; name = Bug.h; path = ../src/Bug.h; sourceTree = "<group>"; };
		E6452B851DCA7AA500ED00A9 /* Bullet.cpp */ = {isa = PBXFileReference; fileEncoding = 4; lastKnownFileType = sourcecode.cpp.cpp; name = Bullet.cpp; path = ../src/Bullet.cpp; sourceTree = "<group>"; };
		E6452B861DCA7AA500ED00A9 /* Bullet.h */ = {isa = PBXFileReference; fileEncoding = 4; lastKnownFileType = sourcecode.c.h; name = Bullet.h; path = ../src/Bullet.h; sourceTree = "<group>"; };
		E6452B871DCA7AA500ED00A9 /* Button.cpp */ = {isa = PBXFileReference; fileEncoding = 4; lastKnownFileType = sourcecode.cpp.cpp; name = Button.cpp; path = ../src/Button.cpp; sourceTree = "<group>"; };
		E6452B881DCA7AA500ED00A9 /* Button.h */ = {isa = PBXFileReference; fileEncoding = 4; lastKnownFileType = sourcecode.c.h; name = Button.h; path = ../src/Button.h; sourceTree = "<group>"; };
		E6452B891DCA7AA500ED00A9 /* CheckPoint.cpp */ = {isa = PBXFileReference; fileEncoding = 4; lastKnownFileType = sourcecode.cpp.cpp; name = CheckPoint.cpp; path = ../src/CheckPoint.cpp; sourceTree = "<group>"; };
		E6452B8A1DCA7AA500ED00A9 /* CheckPoint.h */ = {isa = PBXFileReference; fileEncoding = 4; lastKnownFileType = sourcecode.c.h; name = CheckPoint.h; path = ../src/CheckPoint.h; sourceTree = "<group>"; };
		E6452B8B1DCA7AA500ED00A9 /* Debris.cpp */ = {isa = PBXFileReference; fileEncoding = 4; lastKnownFileType = sourcecode.cpp.cpp; name = Debris.cpp; path = ../src/Debris.cpp; sourceTree = "<group>"; };
		E6452B8C1DCA7AA500ED00A9 /* Debris.h */ = {isa = PBXFileReference; fileEncoding = 4; lastKnownFileType = sourcecode.c.h; name = Debris.h; path = ../src/Debris.h; sourceTree = "<group>"; };
		E6452B8D1DCA7AA500ED00A9 /* Demo.cpp */ = {isa = PBXFileReference; fileEncoding = 4; lastKnownFileType = sourcecode.cpp.cpp; name = Demo.cpp; path = ../src/Demo.cpp; sourceTree = "<group>"; };
		E6452B8E1DCA7AA500ED00A9 /* Demo.h */ = {isa = PBXFileReference; fileEncoding = 4; lastKnownFileType = sourcecode.c.h; name = Demo.h; path = ../src/Demo.h; sourceTree = "<group>"; };
		E6452B8F1DCA7AA500ED00A9 /* Editor_Anims.cpp */ = {isa = PBXFileReference; fileEncoding = 4; lastKnownFileType = sourcecode.cpp.cpp; name = Editor_Anims.cpp; path = ../src/Editor_Anims.cpp; sourceTree = "<group>"; };
		E6452B901DCA7AA500ED00A9 /* Editor_EntityProperties.cpp */ = {isa = PBXFileReference; fileEncoding = 4; lastKnownFileType = sourcecode.cpp.cpp; name = Editor_EntityProperties.cpp; path = ../src/Editor_EntityProperties.cpp; sourceTree = "<group>"; };
		E6452B911DCA7AA500ED00A9 /* Editor.cpp */ = {isa = PBXFileReference; fileEncoding = 4; lastKnownFileType = sourcecode.cpp.cpp; name = Editor.cpp; path = ../src/Editor.cpp; sourceTree = "<group>"; };
		E6452B921DCA7AA500ED00A9 /* Engine_Generators.cpp */ = {isa = PBXFileReference; fileEncoding = 4; lastKnownFileType = sourcecode.cpp.cpp; name = Engine_Generators.cpp; path = ../src/Engine_Generators.cpp; sourceTree = "<group>"; };
		E6452B931DCA7AA500ED00A9 /* Engine.cpp */ = {isa = PBXFileReference; fileEncoding = 4; lastKnownFileType = sourcecode.cpp.cpp; name = Engine.cpp; path = ../src/Engine.cpp; sourceTree = "<group>"; };
		E6452B941DCA7AA500ED00A9 /* Engine.h */ = {isa = PBXFileReference; fileEncoding = 4; lastKnownFileType = sourcecode.c.h; name = Engine.h; path = ../src/Engine.h; sourceTree = "<group>"; };
		E6452B951DCA7AA500ED00A9 /* Entity.cpp */ = {isa = PBXFileReference; fileEncoding = 4; lastKnownFileType = sourcecode.cpp.cpp; name = Entity.cpp; path = ../src/Entity.cpp; sourceTree = "<group>"; };
		E6452B961DCA7AA500ED00A9 /* Entity.h */ = {isa = PBXFileReference; fileEncoding = 4; lastKnownFileType = sourcecode.c.h; name = Entity.h; path = ../src/Entity.h; sourceTree = "<group>"; };
		E6452B971DCA7AA500ED00A9 /* Explosion.cpp */ = {isa = PBXFileReference; fileEncoding = 4; lastKnownFileType = sourcecode.cpp.cpp; name = Explosion.cpp; path = ../src/Explosion.cpp; sourceTree = "<group>"; };
		E6452B981DCA7AA500ED00A9 /* Explosion.h */ = {isa = PBXFileReference; fileEncoding = 4; lastKnownFileType = sourcecode.c.h; name = Explosion.h; path = ../src/Explosion.h; sourceTree = "<group>"; };
		E6452B991DCA7AA500ED00A9 /* Fighter.cpp */ = {isa = PBXFileReference; fileEncoding = 4; lastKnownFileType = sourcecode.cpp.cpp; name = Fighter.cpp; path = ../src/Fighter.cpp; sourceTree = "<group>"; };
		E6452B9A1DCA7AA500ED00A9 /* Fighter.h */ = {isa = PBXFileReference; fileEncoding = 4; lastKnownFileType = sourcecode.c.h; name = Fighter.h; path = ../src/Fighter.h; sourceTree = "<group>"; };
		E6452B9B1DCA7AA500ED00A9 /* FileIO.cpp */ = {isa = PBXFileReference; fileEncoding = 4; lastKnownFileType = sourcecode.cpp.cpp; name = FileIO.cpp; path = ../src/FileIO.cpp; sourceTree = "<group>"; };
		E6452B9C1DCA7AA500ED00A9 /* FileIO.h */ = {isa = PBXFileReference; fileEncoding = 4; lastKnownFileType = sourcecode.c.h; name = FileIO.h; path = ../src/FileIO.h; sourceTree = "<group>"; };
		E6452B9D1DCA7AA500ED00A9 /* Fire.cpp */ = {isa = PBXFileReference; fileEncoding = 4; lastKnownFileType = sourcecode.cpp.cpp; name = Fire.cpp; path = ../src/Fire.cpp; sourceTree = "<group>"; };
		E6452B9E1DCA7AA500ED00A9 /* Fire.h */ = {isa = PBXFileReference; fileEncoding = 4; lastKnownFileType = sourcecode.c.h; name = Fire.h; path = ../src/Fire.h; sourceTree = "<group>"; };
		E6452B9F1DCA7AA500ED00A9 /* firebug.cpp */ = {isa = PBXFileReference; fileEncoding = 4; lastKnownFileType = sourcecode.cpp.cpp; name = firebug.cpp; path = ../src/firebug.cpp; sourceTree = "<group>"; };
		E6452BA01DCA7AA500ED00A9 /* fireBug.h */ = {isa = PBXFileReference; fileEncoding = 4; lastKnownFileType = sourcecode.c.h; name = fireBug.h; path = ../src/fireBug.h; sourceTree = "<group>"; };
		E6452BA11DCA7AA500ED00A9 /* Font.cpp */ = {isa = PBXFileReference; fileEncoding = 4; lastKnownFileType = sourcecode.cpp.cpp; name = Font.cpp; path = ../src/Font.cpp; sourceTree = "<group>"; };
		E6452BA21DCA7AA500ED00A9 /* Font.h */ = {isa = PBXFileReference; fileEncoding = 4; lastKnownFileType = sourcecode.c.h; name = Font.h; path = ../src/Font.h; sourceTree = "<group>"; };
		E6452BA31DCA7AA500ED00A9 /* FrontEnd.cpp */ = {isa = PBXFileReference; fileEncoding = 4; lastKnownFileType = sourcecode.cpp.cpp; name = FrontEnd.cpp; path = ../src/FrontEnd.cpp; sourceTree = "<group>"; };
		E6452BA41DCA7AA500ED00A9 /* Game.cpp */ = {isa = PBXFileReference; fileEncoding = 4; lastKnownFileType = sourcecode.cpp.cpp; name = Game.cpp; path = ../src/Game.cpp; sourceTree = "<group>"; };
		E6452BA51DCA7AA500ED00A9 /* Generator.cpp */ = {isa = PBXFileReference; fileEncoding = 4; lastKnownFileType = sourcecode.cpp.cpp; name = Generator.cpp; path = ../src/Generator.cpp; sourceTree = "<group>"; };
		E6452BA61DCA7AA500ED00A9 /* Generator.h */ = {isa = PBXFileReference; fileEncoding = 4; lastKnownFileType = sourcecode.c.h; name = Generator.h; path = ../src/Generator.h; sourceTree = "<group>"; };
		E6452BA71DCA7AA500ED00A9 /* Geo2D_Draw.cpp */ = {isa = PBXFileReference; fileEncoding = 4; lastKnownFileType = sourcecode.cpp.cpp; name = Geo2D_Draw.cpp; path = ../src/Geo2D_Draw.cpp; sourceTree = "<group>"; };
		E6452BA81DCA7AA500ED00A9 /* Geo2D_Draw.h */ = {isa = PBXFileReference; fileEncoding = 4; lastKnownFileType = sourcecode.c.h; name = Geo2D_Draw.h; path = ../src/Geo2D_Draw.h; sourceTree = "<group>"; };
		E6452BA91DCA7AA500ED00A9 /* Geo2D.cpp */ = {isa = PBXFileReference; fileEncoding = 4; lastKnownFileType = sourcecode.cpp.cpp; name = Geo2D.cpp; path = ../src/Geo2D.cpp; sourceTree = "<group>"; };
		E6452BAA1DCA7AA500ED00A9 /* Geo2D.h */ = {isa = PBXFileReference; fileEncoding = 4; lastKnownFileType = sourcecode.c.h; name = Geo2D.h; path = ../src/Geo2D.h; sourceTree = "<group>"; };
		E6452BAC1DCA7AA500ED00A9 /* HUD.cpp */ = {isa = PBXFileReference; fileEncoding = 4; lastKnownFileType = sourcecode.cpp.cpp; name = HUD.cpp; path = ../src/HUD.cpp; sourceTree = "<group>"; };
		E6452BAD1DCA7AA500ED00A9 /* LadyBird.cpp */ = {isa = PBXFileReference; fileEncoding = 4; lastKnownFileType = sourcecode.cpp.cpp; name = LadyBird.cpp; path = ../src/LadyBird.cpp; sourceTree = "<group>"; };
		E6452BAE1DCA7AA500ED00A9 /* LadyBird.h */ = {isa = PBXFileReference; fileEncoding = 4; lastKnownFileType = sourcecode.c.h; name = LadyBird.h; path = ../src/LadyBird.h; sourceTree = "<group>"; };
		E6452BAF1DCA7AA500ED00A9 /* Log.cpp */ = {isa = PBXFileReference; fileEncoding = 4; lastKnownFileType = sourcecode.cpp.cpp; name = Log.cpp; path = ../src/Log.cpp; sourceTree = "<group>"; };
		E6452BB01DCA7AA500ED00A9 /* Log.h */ = {isa = PBXFileReference; fileEncoding = 4; lastKnownFileType = sourcecode.c.h; name = Log.h; path = ../src/Log.h; sourceTree = "<group>"; };
		E6452BB11DCA7AA500ED00A9 /* Map.cpp */ = {isa = PBXFileReference; fileEncoding = 4; lastKnownFileType = sourcecode.cpp.cpp; name = Map.cpp; path = ../src/Map.cpp; sourceTree = "<group>"; };
		E6452BB21DCA7AA500ED00A9 /* MidBoss.cpp */ = {isa = PBXFileReference; fileEncoding = 4; lastKnownFileType = sourcecode.cpp.cpp; name = MidBoss.cpp; path = ../src/MidBoss.cpp; sourceTree = "<group>"; };
		E6452BB31DCA7AA500ED00A9 /* MidBoss.h */ = {isa = PBXFileReference; fileEncoding = 4; lastKnownFileType = sourcecode.c.h; name = MidBoss.h; path = ../src/MidBoss.h; sourceTree = "<group>"; };
		E6452BB41DCA7AA500ED00A9 /* Orb.cpp */ = {isa = PBXFileReference; fileEncoding = 4; lastKnownFileType = sourcecode.cpp.cpp; name = Orb.cpp; path = ../src/Orb.cpp; sourceTree = "<group>"; };
		E6452BB51DCA7AA500ED00A9 /* Orb.h */ = {isa = PBXFileReference; fileEncoding = 4; lastKnownFileType = sourcecode.c.h; name = Orb.h; path = ../src/Orb.h; sourceTree = "<group>"; };
		E6452BB61DCA7AA500ED00A9 /* Player.cpp */ = {isa = PBXFileReference; fileEncoding = 4; lastKnownFileType = sourcecode.cpp.cpp; name = Player.cpp; path = ../src/Player.cpp; sourceTree = "<group>"; };
		E6452BB71DCA7AA500ED00A9 /* Player.h */ = {isa = PBXFileReference; fileEncoding = 4; lastKnownFileType = sourcecode.c.h; name = Player.h; path = ../src/Player.h; sourceTree = "<group>"; };
		E6452BB81DCA7AA500ED00A9 /* PostEffects.cpp */ = {isa = PBXFileReference; fileEncoding = 4; lastKnownFileType = sourcecode.cpp.cpp; name = PostEffects.cpp; path = ../src/PostEffects.cpp; sourceTree = "<group>"; };
		E6452BB91DCA7AA500ED00A9 /* PowerDroid.cpp */ = {isa = PBXFileReference; fileEncoding = 4; lastKnownFileType = sourcecode.cpp.cpp; name = PowerDroid.cpp; path = ../src/PowerDroid.cpp; sourceTree = "<group>"; };
		E6452BBA1DCA7AA500ED00A9 /* PowerDroid.h */ = {isa = PBXFileReference; fileEncoding = 4; lastKnownFileType = sourcecode.c.h; name = PowerDroid.h; path = ../src/PowerDroid.h; sourceTree = "<group>"; };
		E6452BBB1DCA7AA500ED00A9 /* PowerUp.cpp */ = {isa = PBXFileReference; fileEncoding = 4; lastKnownFileType = sourcecode.cpp.cpp; name = PowerUp.cpp; path = ../src/PowerUp.cpp; sourceTree = "<group>"; };
		E6452BBC1DCA7AA500ED00A9 /* PowerUp.h */ = {isa = PBXFileReference; fileEncoding = 4; lastKnownFileType = sourcecode.c.h; name = PowerUp.h; path = ../src/PowerUp.h; sourceTree = "<group>"; };
		E6452BBD1DCA7AA500ED00A9 /* Profiler.cpp */ = {isa = PBXFileReference; fileEncoding = 4; lastKnownFileType = sourcecode.cpp.cpp; name = Profiler.cpp; path = ../src/Profiler.cpp; sourceTree = "<group>"; };
		E6452BBE1DCA7AA500ED00A9 /* Profiler.h */ = {isa = PBXFileReference; fileEncoding = 4; lastKnownFileType = sourcecode.c.h; name = Profiler.h; path = ../src/Profiler.h; sourceTree = "<group>"; };
		E6452BBF1DCA7AA500ED00A9 /* ProtoType.cpp */ = {isa = PBXFileReference; fileEncoding = 4; lastKnownFileType = sourcecode.cpp.cpp; name = ProtoType.cpp; path = ../src/ProtoType.cpp; sourceTree = "<group>"; };
		E6452BC01DCA7AA500ED00A9 /* RandExplosion.cpp */ = {isa = PBXFileReference; fileEncoding = 4; lastKnownFileType = sourcecode.cpp.cpp; name = RandExplosion.cpp; path = ../src/RandExplosion.cpp; sourceTree = "<group>"; };
		E6452BC11DCA7AA500ED00A9 /* RandExplosion.h */ = {isa = PBXFileReference; fileEncoding = 4; lastKnownFileType = sourcecode.c.h; name = RandExplosion.h; path = ../src/RandExplosion.h; sourceTree = "<group>"; };
		E6452BC21DCA7AA500ED00A9 /* resource.h */ = {isa = PBXFileReference; fileEncoding = 4; lastKnownFileType = sourcecode.c.h; name = resource.h; path = ../src/resource.h; sourceTree = "<group>"; };
		E6452BC31DCA7AA500ED00A9 /* resource1.h */ = {isa = PBXFileReference; fileEncoding = 4; lastKnownFileType = sourcecode.c.h; name = resource1.h; path = ../src/resource1.h; sourceTree = "<group>"; };
		E6452BC41DCA7AA500ED00A9 /* resource2.h */ = {isa = PBXFileReference; fileEncoding = 4; lastKnownFileType = sourcecode.c.h; name = resource2.h; path = ../src/resource2.h; sourceTree = "<group>"; };
		E6452BC51DCA7AA500ED00A9 /* Rhino.cpp */ = {isa = PBXFileReference; fileEncoding = 4; lastKnownFileType = sourcecode.cpp.cpp; name = Rhino.cpp; path = ../src/Rhino.cpp; sourceTree = "<group>"; };
		E6452BC61DCA7AA500ED00A9 /* Rhino.h */ = {isa = PBXFileReference; fileEncoding = 4; lastKnownFileType = sourcecode.c.h; name = Rhino.h; path = ../src/Rhino.h; sourceTree = "<group>"; };
		E6452BC71DCA7AA500ED00A9 /* Rocket.cpp */ = {isa = PBXFileReference; fileEncoding = 4; lastKnownFileType = sourcecode.cpp.cpp; name = Rocket.cpp; path = ../src/Rocket.cpp; sourceTree = "<group>"; };
		E6452BC81DCA7AA500ED00A9 /* Rocket.h */ = {isa = PBXFileReference; fileEncoding = 4; lastKnownFileType = sourcecode.c.h; name = Rocket.h; path = ../src/Rocket.h; sourceTree = "<group>"; };
		E6452BC91DCA7AA500ED00A9 /* SDL_KeyMap.h */ = {isa = PBXFileReference; fileEncoding = 4; lastKnownFileType = sourcecode.c.h; name = SDL_KeyMap.h; path = ../src/SDL_KeyMap.h; sourceTree = "<group>"; };
		E6452BCA1DCA7AA500ED00A9 /* Serializer.cpp */ = {isa = PBXFileReference; fileEncoding = 4; lastKnownFileType = sourcecode.cpp.cpp; name = Serializer.cpp; path = ../src/Serializer.cpp; sourceTree = "<group>"; };
		E6452BCB1DCA7AA500ED00A9 /* Serializer.h */ = {isa = PBXFileReference; fileEncoding = 4; lastKnownFileType = sourcecode.c.h; name = Serializer.h; path = ../src/Serializer.h; sourceTree = "<group>"; };
		E6452BCC1DCA7AA500ED00A9 /* Serpent.cpp */ = {isa = PBXFileReference; fileEncoding = 4; lastKnownFileType = sourcecode.cpp.cpp; name = Serpent.cpp; path = ../src/Serpent.cpp; sourceTree = "<group>"; };
		E6452BCD1DCA7AA500ED00A9 /* Serpent.h */ = {isa = PBXFileReference; fileEncoding = 4; lastKnownFileType = sourcecode.c.h; name = Serpent.h; path = ../src/Serpent.h; sourceTree = "<group>"; };
		E6452BCE1DCA7AA500ED00A9 /* SolarFlare.cpp */ = {isa = PBXFileReference; fileEncoding = 4; lastKnownFileType = sourcecode.cpp.cpp; name = SolarFlare.cpp; path = ../src/SolarFlare.cpp; sourceTree = "<group>"; };
		E6452BCF1DCA7AA500ED00A9 /* SolarFlare.h */ = {isa = PBXFileReference; fileEncoding = 4; lastKnownFileType = sourcecode.c.h; name = SolarFlare.h; path = ../src/SolarFlare.h; sourceTree = "<group>"; };
		E6452BD01DCA7AA500ED00A9 /* Sound_Macros.h */ = {isa = PBXFileReference; fileEncoding = 4; lastKnownFileType = sourcecode.c.h; name = Sound_Macros.h; path = ../src/Sound_Macros.h; sourceTree = "<group>"; };
		E6452BD11DCA7AA500ED00A9 /* Sound.cpp */ = {isa = PBXFileReference; fileEncoding = 4; lastKnownFileType = sourcecode.cpp.cpp; name = Sound.cpp; path = ../src/Sound.cpp; sourceTree = "<group>"; };
		E6452BD21DCA7AA500ED00A9 /* Sound.h */ = {isa = PBXFileReference; fileEncoding = 4; lastKnownFileType = sourcecode.c.h; name = Sound.h; path = ../src/Sound.h; sourceTree = "<group>"; };
		E6452BD31DCA7AA500ED00A9 /* SpaceTrash.cpp */ = {isa = PBXFileReference; fileEncoding = 4; lastKnownFileType = sourcecode.cpp.cpp; name = SpaceTrash.cpp; path = ../src/SpaceTrash.cpp; sourceTree = "<group>"; };
		E6452BD41DCA7AA500ED00A9 /* SpaceTrash.h */ = {isa = PBXFileReference; fileEncoding = 4; lastKnownFileType = sourcecode.c.h; name = SpaceTrash.h; path = ../src/SpaceTrash.h; sourceTree = "<group>"; };
		E6452BD51DCA7AA500ED00A9 /* Sperm.cpp */ = {isa = PBXFileReference; fileEncoding = 4; lastKnownFileType = sourcecode.cpp.cpp; name = Sperm.cpp; path = ../src/Sperm.cpp; sourceTree = "<group>"; };
		E6452BD61DCA7AA500ED00A9 /* Sperm.h */ = {isa = PBXFileReference; fileEncoding = 4; lastKnownFileType = sourcecode.c.h; name = Sperm.h; path = ../src/Sperm.h; sourceTree = "<group>"; };
		E6452BD71DCA7AA500ED00A9 /* Sprite.cpp */ = {isa = PBXFileReference; fileEncoding = 4; lastKnownFileType = sourcecode.cpp.cpp; name = Sprite.cpp; path = ../src/Sprite.cpp; sourceTree = "<group>"; };
		E6452BD81DCA7AA500ED00A9 /* Sprite.h */ = {isa = PBXFileReference; fileEncoding = 4; lastKnownFileType = sourcecode.c.h; name = Sprite.h; path = ../src/Sprite.h; sourceTree = "<group>"; };
		E6452BD91DCA7AA500ED00A9 /* SpriteEffect.cpp */ = {isa = PBXFileReference; fileEncoding = 4; lastKnownFileType = sourcecode.cpp.cpp; name = SpriteEffect.cpp; path = ../src/SpriteEffect.cpp; sourceTree = "<group>"; };
		E6452BDA1DCA7AA500ED00A9 /* SpriteEffect.h */ = {isa = PBXFileReference; fileEncoding = 4; lastKnownFileType = sourcecode.c.h; name = SpriteEffect.h; path = ../src/SpriteEffect.h; sourceTree = "<group>"; };
		E6452BDB1DCA7AA500ED00A9 /* SpriteSheet.cpp */ = {isa = PBXFileReference; fileEncoding = 4; lastKnownFileType = sourcecode.cpp.cpp; name = SpriteSheet.cpp; path = ../src/SpriteSheet.cpp; sourceTree = "<group>"; };
		E6452BDC1DCA7AA500ED00A9 /* SpriteSheet.h */ = {isa = PBXFileReference; fileEncoding = 4; lastKnownFileType = sourcecode.c.h; name = SpriteSheet.h; path = ../src/SpriteSheet.h; sourceTree = "<group>"; };
		E6452BDD1DCA7AA500ED00A9 /* StarBurst.cpp */ = {isa = PBXFileReference; fileEncoding = 4; lastKnownFileType = sourcecode.cpp.cpp; name = StarBurst.cpp; path = ../src/StarBurst.cpp; sourceTree = "<group>"; };
		E6452BDE1DCA7AA500ED00A9 /* StarBurst.h */ = {isa = PBXFileReference; fileEncoding = 4; lastKnownFileType = sourcecode.c.h; name = StarBurst.h; path = ../src/StarBurst.h; sourceTree = "<group>"; };
		E6452BDF1DCA7AA500ED00A9 /* stdafx.cpp */ = {isa = PBXFileReference; fileEncoding = 4; lastKnownFileType = sourcecode.cpp.cpp; name = stdafx.cpp; path = ../src/stdafx.cpp; sourceTree = "<group>"; };
		E6452BE01DCA7AA500ED00A9 /* stdafx.h */ = {isa = PBXFileReference; fileEncoding = 4; lastKnownFileType = sourcecode.c.h; name = stdafx.h; path = ../src/stdafx.h; sourceTree = "<group>"; };
		E6452BE11DCA7AA500ED00A9 /* SuperTurret.cpp */ = {isa = PBXFileReference; fileEncoding = 4; lastKnownFileType = sourcecode.cpp.cpp; name = SuperTurret.cpp; path = ../src/SuperTurret.cpp; sourceTree = "<group>"; };
		E6452BE21DCA7AA500ED00A9 /* SuperTurret.h */ = {isa = PBXFileReference; fileEncoding = 4; lastKnownFileType = sourcecode.c.h; name = SuperTurret.h; path = ../src/SuperTurret.h; sourceTree = "<group>"; };
		E6452BE31DCA7AA500ED00A9 /* Tile.h */ = {isa = PBXFileReference; fileEncoding = 4; lastKnownFileType = sourcecode.c.h; name = Tile.h; path = ../src/Tile.h; sourceTree = "<group>"; };
		E6452BE41DCA7AA500ED00A9 /* Timer.cpp */ = {isa = PBXFileReference; fileEncoding = 4; lastKnownFileType = sourcecode.cpp.cpp; name = Timer.cpp; path = ../src/Timer.cpp; sourceTree = "<group>"; };
		E6452BE51DCA7AA500ED00A9 /* Timer.h */ = {isa = PBXFileReference; fileEncoding = 4; lastKnownFileType = sourcecode.c.h; name = Timer.h; path = ../src/Timer.h; sourceTree = "<group>"; };
		E6452BE61DCA7AA500ED00A9 /* TriggerSlowDown.cpp */ = {isa = PBXFileReference; fileEncoding = 4; lastKnownFileType = sourcecode.cpp.cpp; name = TriggerSlowDown.cpp; path = ../src/TriggerSlowDown.cpp; sourceTree = "<group>"; };
		E6452BE71DCA7AA500ED00A9 /* TriggerSlowDown.h */ = {isa = PBXFileReference; fileEncoding = 4; lastKnownFileType = sourcecode.c.h; name = TriggerSlowDown.h; path = ../src/TriggerSlowDown.h; sourceTree = "<group>"; };
		E6452BE81DCA7AA500ED00A9 /* TriggerSpeedUp.cpp */ = {isa = PBXFileReference; fileEncoding = 4; lastKnownFileType = sourcecode.cpp.cpp; name = TriggerSpeedUp.cpp; path = ../src/TriggerSpeedUp.cpp; sourceTree = "<group>"; };
		E6452BE91DCA7AA500ED00A9 /* TriggerSpeedUp.h */ = {isa = PBXFileReference; fileEncoding = 4; lastKnownFileType = sourcecode.c.h; name = TriggerSpeedUp.h; path = ../src/TriggerSpeedUp.h; sourceTree = "<group>"; };
		E6452BEA1DCA7AA500ED00A9 /* Turret.cpp */ = {isa = PBXFileReference; fileEncoding = 4; lastKnownFileType = sourcecode.cpp.cpp; name = Turret.cpp; path = ../src/Turret.cpp; sourceTree = "<group>"; };
		E6452BEB1DCA7AA500ED00A9 /* Turret.h */ = {isa = PBXFileReference; fileEncoding = 4; lastKnownFileType = sourcecode.c.h; name = Turret.h; path = ../src/Turret.h; sourceTree = "<group>"; };
		E6452BEC1DCA7AA500ED00A9 /* UTIL_bitop.cpp */ = {isa = PBXFileReference; fileEncoding = 4; lastKnownFileType = sourcecode.cpp.cpp; name = UTIL_bitop.cpp; path = ../src/UTIL_bitop.cpp; sourceTree = "<group>"; };
		E6452BED1DCA7AA500ED00A9 /* UTIL_bitop.h */ = {isa = PBXFileReference; fileEncoding = 4; lastKnownFileType = sourcecode.c.h; name = UTIL_bitop.h; path = ../src/UTIL_bitop.h; sourceTree = "<group>"; };
		E6452BEE1DCA7AA500ED00A9 /* UTIL_Fade.cpp */ = {isa = PBXFileReference; fileEncoding = 4; lastKnownFileType = sourcecode.cpp.cpp; name = UTIL_Fade.cpp; path = ../src/UTIL_Fade.cpp; sourceTree = "<group>"; };
		E6452BEF1DCA7AA500ED00A9 /* UTIL_Fade.h */ = {isa = PBXFileReference; fileEncoding = 4; lastKnownFileType = sourcecode.c.h; name = UTIL_Fade.h; path = ../src/UTIL_Fade.h; sourceTree = "<group>"; };
		E6452BF01DCA7AA500ED00A9 /* UTIL_Misc.cpp */ = {isa = PBXFileReference; fileEncoding = 4; lastKnownFileType = sourcecode.cpp.cpp; name = UTIL_Misc.cpp; path = ../src/UTIL_Misc.cpp; sourceTree = "<group>"; };
		E6452BF11DCA7AA500ED00A9 /* UTIL_Misc.h */ = {isa = PBXFileReference; fileEncoding = 4; lastKnownFileType = sourcecode.c.h; name = UTIL_Misc.h; path = ../src/UTIL_Misc.h; sourceTree = "<group>"; };
		E6452BF21DCA7AA500ED00A9 /* UTIL_openGL.cpp */ = {isa = PBXFileReference; fileEncoding = 4; lastKnownFileType = sourcecode.cpp.cpp; name = UTIL_openGL.cpp; path = ../src/UTIL_openGL.cpp; sourceTree = "<group>"; };
		E6452BF31DCA7AA500ED00A9 /* UTIL_openGL.h */ = {isa = PBXFileReference; fileEncoding = 4; lastKnownFileType = sourcecode.c.h; name = UTIL_openGL.h; path = ../src/UTIL_openGL.h; sourceTree = "<group>"; };
		E6452BF41DCA7AA500ED00A9 /* UTIL_SDL.cpp */ = {isa = PBXFileReference; fileEncoding = 4; lastKnownFileType = sourcecode.cpp.cpp; name = UTIL_SDL.cpp; path = ../src/UTIL_SDL.cpp; sourceTree = "<group>"; };
		E6452BF51DCA7AA500ED00A9 /* UTIL_SDL.h */ = {isa = PBXFileReference; fileEncoding = 4; lastKnownFileType = sourcecode.c.h; name = UTIL_SDL.h; path = ../src/UTIL_SDL.h; sourceTree = "<group>"; };
		E6452BF61DCA7AA500ED00A9 /* Vector.h */ = {isa = PBXFileReference; fileEncoding = 4; lastKnownFileType = sourcecode.c.h; name = Vector.h; path = ../src/Vector.h; sourceTree = "<group>"; };
		E6452C3A1DCA7BA400ED00A9 /* Cocoa.framework */ = {isa = PBXFileReference; lastKnownFileType = wrapper.framework; name = Cocoa.framework; path = System/Library/Frameworks/Cocoa.framework; sourceTree = SDKROOT; };
		E67BDE4E1DCA721E00CD7CDB /* libz.tbd */ = {isa = PBXFileReference; lastKnownFileType = "sourcecode.text-based-dylib-definition"; name = libz.tbd; path = usr/lib/libz.tbd; sourceTree = SDKROOT; };
/* End PBXFileReference section */

/* Begin PBXFrameworksBuildPhase section */
		2D84613F16D4B664000EF8AF /* Frameworks */ = {
			isa = PBXFrameworksBuildPhase;
			buildActionMask = 2147483647;
			files = (
				2D8461E816D4BA05000EF8AF /* OpenGL.framework in Frameworks */,
			);
			runOnlyForDeploymentPostprocessing = 0;
		};
		2DB3117D16D2A99400D9BC33 /* Frameworks */ = {
			isa = PBXFrameworksBuildPhase;
			buildActionMask = 2147483647;
			files = (
				E6452B6F1DCA781A00ED00A9 /* SDL.framework in Frameworks */,
				E6452B711DCA789100ED00A9 /* SDL_mixer.framework in Frameworks */,
				E6452C3B1DCA7BA400ED00A9 /* Cocoa.framework in Frameworks */,
				E6AE2D201E37F0CE008344A4 /* OpenGL.framework in Frameworks */,
				E6AE2D211E391F9D008344A4 /* libIL.dylib in Frameworks */,
				E6AE2D221E391FA5008344A4 /* libILU.dylib in Frameworks */,
				E6AE2D231E391FAE008344A4 /* libILUT.dylib in Frameworks */,
				E67BDE4F1DCA721E00CD7CDB /* libz.tbd in Frameworks */,
			);
			runOnlyForDeploymentPostprocessing = 0;
		};
/* End PBXFrameworksBuildPhase section */

/* Begin PBXGroup section */
		2D84614616D4B664000EF8AF /* Other Frameworks */ = {
			isa = PBXGroup;
			children = (
				2D84614716D4B664000EF8AF /* AppKit.framework */,
				2D84614816D4B664000EF8AF /* CoreData.framework */,
				2D84614916D4B664000EF8AF /* Foundation.framework */,
			);
			name = "Other Frameworks";
			sourceTree = "<group>";
		};
		2D84614A16D4B664000EF8AF /* Prototype_Bundled */ = {
			isa = PBXGroup;
			children = (
				2D84614B16D4B664000EF8AF /* Supporting Files */,
			);
			path = Prototype_Bundled;
			sourceTree = "<group>";
		};
		2D84614B16D4B664000EF8AF /* Supporting Files */ = {
			isa = PBXGroup;
			children = (
				2D84614C16D4B664000EF8AF /* Prototype_Bundled-Info.plist */,
				2D84614D16D4B664000EF8AF /* InfoPlist.strings */,
				2D84615216D4B664000EF8AF /* Prototype_Bundled-Prefix.pch */,
				2D84615316D4B664000EF8AF /* Credits.rtf */,
			);
			name = "Supporting Files";
			sourceTree = "<group>";
		};
		2DAF063116D2AA1B006EC098 /* Frameworks */ = {
			isa = PBXGroup;
			children = (
				E6452C3A1DCA7BA400ED00A9 /* Cocoa.framework */,
				E6452B701DCA789100ED00A9 /* SDL_mixer.framework */,
				E6452B6E1DCA781A00ED00A9 /* SDL.framework */,
				E6452B6C1DCA776600ED00A9 /* libILUT.dylib */,
				E6452B6A1DCA775E00ED00A9 /* libILU.dylib */,
				E6452B681DCA773F00ED00A9 /* libIL.dylib */,
				E67BDE4E1DCA721E00CD7CDB /* libz.tbd */,
				2DAF063216D2AA2F006EC098 /* OpenGL.framework */,
				2D84614616D4B664000EF8AF /* Other Frameworks */,
			);
			name = Frameworks;
			sourceTree = "<group>";
		};
		2DB3117516D2A99400D9BC33 = {
			isa = PBXGroup;
			children = (
				E6452B761DCA7A9200ED00A9 /* src */,
				2DAF064816D2AEBF006EC098 /* SDLMain.h */,
				2DAF064916D2AEBF006EC098 /* SDLMain.m */,
				2D84614A16D4B664000EF8AF /* Prototype_Bundled */,
				2DAF063116D2AA1B006EC098 /* Frameworks */,
				2DB3118116D2A99400D9BC33 /* Products */,
			);
			sourceTree = "<group>";
		};
		2DB3118116D2A99400D9BC33 /* Products */ = {
			isa = PBXGroup;
			children = (
				2DB3118016D2A99400D9BC33 /* Prototype */,
				2D84614216D4B664000EF8AF /* Prototype.app */,
			);
			name = Products;
			sourceTree = "<group>";
		};
		E6452B761DCA7A9200ED00A9 /* src */ = {
			isa = PBXGroup;
			children = (
				E6452B771DCA7AA500ED00A9 /* AnimGenerator.cpp */,
				E6452B781DCA7AA500ED00A9 /* AnimGenerator.h */,
				E6452B791DCA7AA500ED00A9 /* Beam.cpp */,
				E6452B7A1DCA7AA500ED00A9 /* Beam.h */,
				E6452B7B1DCA7AA500ED00A9 /* Boss.cpp */,
				E6452B7C1DCA7AA500ED00A9 /* Boss.h */,
				E6452B7D1DCA7AA500ED00A9 /* BrainBoss.cpp */,
				E6452B7E1DCA7AA500ED00A9 /* BrainBoss.h */,
				E6452B7F1DCA7AA500ED00A9 /* BrainCell.cpp */,
				E6452B801DCA7AA500ED00A9 /* BrainCell.h */,
				E6452B811DCA7AA500ED00A9 /* BreakScenery.cpp */,
				E6452B821DCA7AA500ED00A9 /* BreakScenery.h */,
				E6452B831DCA7AA500ED00A9 /* Bug.cpp */,
				E6452B841DCA7AA500ED00A9 /* Bug.h */,
				E6452B851DCA7AA500ED00A9 /* Bullet.cpp */,
				E6452B861DCA7AA500ED00A9 /* Bullet.h */,
				E6452B871DCA7AA500ED00A9 /* Button.cpp */,
				E6452B881DCA7AA500ED00A9 /* Button.h */,
				E6452B891DCA7AA500ED00A9 /* CheckPoint.cpp */,
				E6452B8A1DCA7AA500ED00A9 /* CheckPoint.h */,
				E6452B8B1DCA7AA500ED00A9 /* Debris.cpp */,
				E6452B8C1DCA7AA500ED00A9 /* Debris.h */,
				E6452B8D1DCA7AA500ED00A9 /* Demo.cpp */,
				E6452B8E1DCA7AA500ED00A9 /* Demo.h */,
				E6452B8F1DCA7AA500ED00A9 /* Editor_Anims.cpp */,
				E6452B901DCA7AA500ED00A9 /* Editor_EntityProperties.cpp */,
				E6452B911DCA7AA500ED00A9 /* Editor.cpp */,
				E6452B921DCA7AA500ED00A9 /* Engine_Generators.cpp */,
				E6452B931DCA7AA500ED00A9 /* Engine.cpp */,
				E6452B941DCA7AA500ED00A9 /* Engine.h */,
				E6452B951DCA7AA500ED00A9 /* Entity.cpp */,
				E6452B961DCA7AA500ED00A9 /* Entity.h */,
				E6452B971DCA7AA500ED00A9 /* Explosion.cpp */,
				E6452B981DCA7AA500ED00A9 /* Explosion.h */,
				E6452B991DCA7AA500ED00A9 /* Fighter.cpp */,
				E6452B9A1DCA7AA500ED00A9 /* Fighter.h */,
				E6452B9B1DCA7AA500ED00A9 /* FileIO.cpp */,
				E6452B9C1DCA7AA500ED00A9 /* FileIO.h */,
				E6452B9D1DCA7AA500ED00A9 /* Fire.cpp */,
				E6452B9E1DCA7AA500ED00A9 /* Fire.h */,
				E6452B9F1DCA7AA500ED00A9 /* firebug.cpp */,
				E6452BA01DCA7AA500ED00A9 /* fireBug.h */,
				E6452BA11DCA7AA500ED00A9 /* Font.cpp */,
				E6452BA21DCA7AA500ED00A9 /* Font.h */,
				E6452BA31DCA7AA500ED00A9 /* FrontEnd.cpp */,
				E6452BA41DCA7AA500ED00A9 /* Game.cpp */,
				E6452BA51DCA7AA500ED00A9 /* Generator.cpp */,
				E6452BA61DCA7AA500ED00A9 /* Generator.h */,
				E6452BA71DCA7AA500ED00A9 /* Geo2D_Draw.cpp */,
				E6452BA81DCA7AA500ED00A9 /* Geo2D_Draw.h */,
				E6452BA91DCA7AA500ED00A9 /* Geo2D.cpp */,
				E6452BAA1DCA7AA500ED00A9 /* Geo2D.h */,
				E6452BAC1DCA7AA500ED00A9 /* HUD.cpp */,
				E6452BAD1DCA7AA500ED00A9 /* LadyBird.cpp */,
				E6452BAE1DCA7AA500ED00A9 /* LadyBird.h */,
				E6452BAF1DCA7AA500ED00A9 /* Log.cpp */,
				E6452BB01DCA7AA500ED00A9 /* Log.h */,
				E6452BB11DCA7AA500ED00A9 /* Map.cpp */,
				E6452BB21DCA7AA500ED00A9 /* MidBoss.cpp */,
				E6452BB31DCA7AA500ED00A9 /* MidBoss.h */,
				E6452BB41DCA7AA500ED00A9 /* Orb.cpp */,
				E6452BB51DCA7AA500ED00A9 /* Orb.h */,
				E6452BB61DCA7AA500ED00A9 /* Player.cpp */,
				E6452BB71DCA7AA500ED00A9 /* Player.h */,
				E6452BB81DCA7AA500ED00A9 /* PostEffects.cpp */,
				E6452BB91DCA7AA500ED00A9 /* PowerDroid.cpp */,
				E6452BBA1DCA7AA500ED00A9 /* PowerDroid.h */,
				E6452BBB1DCA7AA500ED00A9 /* PowerUp.cpp */,
				E6452BBC1DCA7AA500ED00A9 /* PowerUp.h */,
				E6452BBD1DCA7AA500ED00A9 /* Profiler.cpp */,
				E6452BBE1DCA7AA500ED00A9 /* Profiler.h */,
				E6452BBF1DCA7AA500ED00A9 /* ProtoType.cpp */,
				E6452BC01DCA7AA500ED00A9 /* RandExplosion.cpp */,
				E6452BC11DCA7AA500ED00A9 /* RandExplosion.h */,
				E6452BC21DCA7AA500ED00A9 /* resource.h */,
				E6452BC31DCA7AA500ED00A9 /* resource1.h */,
				E6452BC41DCA7AA500ED00A9 /* resource2.h */,
				E6452BC51DCA7AA500ED00A9 /* Rhino.cpp */,
				E6452BC61DCA7AA500ED00A9 /* Rhino.h */,
				E6452BC71DCA7AA500ED00A9 /* Rocket.cpp */,
				E6452BC81DCA7AA500ED00A9 /* Rocket.h */,
				E6452BC91DCA7AA500ED00A9 /* SDL_KeyMap.h */,
				E6452BCA1DCA7AA500ED00A9 /* Serializer.cpp */,
				E6452BCB1DCA7AA500ED00A9 /* Serializer.h */,
				E6452BCC1DCA7AA500ED00A9 /* Serpent.cpp */,
				E6452BCD1DCA7AA500ED00A9 /* Serpent.h */,
				E6452BCE1DCA7AA500ED00A9 /* SolarFlare.cpp */,
				E6452BCF1DCA7AA500ED00A9 /* SolarFlare.h */,
				E6452BD01DCA7AA500ED00A9 /* Sound_Macros.h */,
				E6452BD11DCA7AA500ED00A9 /* Sound.cpp */,
				E6452BD21DCA7AA500ED00A9 /* Sound.h */,
				E6452BD31DCA7AA500ED00A9 /* SpaceTrash.cpp */,
				E6452BD41DCA7AA500ED00A9 /* SpaceTrash.h */,
				E6452BD51DCA7AA500ED00A9 /* Sperm.cpp */,
				E6452BD61DCA7AA500ED00A9 /* Sperm.h */,
				E6452BD71DCA7AA500ED00A9 /* Sprite.cpp */,
				E6452BD81DCA7AA500ED00A9 /* Sprite.h */,
				E6452BD91DCA7AA500ED00A9 /* SpriteEffect.cpp */,
				E6452BDA1DCA7AA500ED00A9 /* SpriteEffect.h */,
				E6452BDB1DCA7AA500ED00A9 /* SpriteSheet.cpp */,
				E6452BDC1DCA7AA500ED00A9 /* SpriteSheet.h */,
				E6452BDD1DCA7AA500ED00A9 /* StarBurst.cpp */,
				E6452BDE1DCA7AA500ED00A9 /* StarBurst.h */,
				E6452BDF1DCA7AA500ED00A9 /* stdafx.cpp */,
				E6452BE01DCA7AA500ED00A9 /* stdafx.h */,
				E6452BE11DCA7AA500ED00A9 /* SuperTurret.cpp */,
				E6452BE21DCA7AA500ED00A9 /* SuperTurret.h */,
				E6452BE31DCA7AA500ED00A9 /* Tile.h */,
				E6452BE41DCA7AA500ED00A9 /* Timer.cpp */,
				E6452BE51DCA7AA500ED00A9 /* Timer.h */,
				E6452BE61DCA7AA500ED00A9 /* TriggerSlowDown.cpp */,
				E6452BE71DCA7AA500ED00A9 /* TriggerSlowDown.h */,
				E6452BE81DCA7AA500ED00A9 /* TriggerSpeedUp.cpp */,
				E6452BE91DCA7AA500ED00A9 /* TriggerSpeedUp.h */,
				E6452BEA1DCA7AA500ED00A9 /* Turret.cpp */,
				E6452BEB1DCA7AA500ED00A9 /* Turret.h */,
				E6452BEC1DCA7AA500ED00A9 /* UTIL_bitop.cpp */,
				E6452BED1DCA7AA500ED00A9 /* UTIL_bitop.h */,
				E6452BEE1DCA7AA500ED00A9 /* UTIL_Fade.cpp */,
				E6452BEF1DCA7AA500ED00A9 /* UTIL_Fade.h */,
				E6452BF01DCA7AA500ED00A9 /* UTIL_Misc.cpp */,
				E6452BF11DCA7AA500ED00A9 /* UTIL_Misc.h */,
				E6452BF21DCA7AA500ED00A9 /* UTIL_openGL.cpp */,
				E6452BF31DCA7AA500ED00A9 /* UTIL_openGL.h */,
				E6452BF41DCA7AA500ED00A9 /* UTIL_SDL.cpp */,
				E6452BF51DCA7AA500ED00A9 /* UTIL_SDL.h */,
				E6452BF61DCA7AA500ED00A9 /* Vector.h */,
			);
			name = src;
			sourceTree = "<group>";
		};
/* End PBXGroup section */

/* Begin PBXNativeTarget section */
		2D84614116D4B664000EF8AF /* Prototype_Bundled */ = {
			isa = PBXNativeTarget;
			buildConfigurationList = 2D84615E16D4B664000EF8AF /* Build configuration list for PBXNativeTarget "Prototype_Bundled" */;
			buildPhases = (
				2D84613E16D4B664000EF8AF /* Sources */,
				2D84613F16D4B664000EF8AF /* Frameworks */,
				2D84614016D4B664000EF8AF /* Resources */,
				2D84616016D4B69B000EF8AF /* CopyFiles */,
			);
			buildRules = (
			);
			dependencies = (
			);
			name = Prototype_Bundled;
			productName = Prototype_Bundled;
			productReference = 2D84614216D4B664000EF8AF /* Prototype.app */;
			productType = "com.apple.product-type.application";
		};
		2DB3117F16D2A99400D9BC33 /* Prototype */ = {
			isa = PBXNativeTarget;
			buildConfigurationList = 2DB3118A16D2A99400D9BC33 /* Build configuration list for PBXNativeTarget "Prototype" */;
			buildPhases = (
				2DB3117C16D2A99400D9BC33 /* Sources */,
				2DB3117D16D2A99400D9BC33 /* Frameworks */,
				2DB3117E16D2A99400D9BC33 /* CopyFiles */,
			);
			buildRules = (
			);
			dependencies = (
			);
			name = Prototype;
			productName = Prototype;
			productReference = 2DB3118016D2A99400D9BC33 /* Prototype */;
			productType = "com.apple.product-type.tool";
		};
/* End PBXNativeTarget section */

/* Begin PBXProject section */
		2DB3117716D2A99400D9BC33 /* Project object */ = {
			isa = PBXProject;
			attributes = {
				LastUpgradeCheck = 0720;
				ORGANIZATIONNAME = "Memset software";
			};
			buildConfigurationList = 2DB3117A16D2A99400D9BC33 /* Build configuration list for PBXProject "Prototype" */;
			compatibilityVersion = "Xcode 3.2";
			developmentRegion = English;
			hasScannedForEncodings = 0;
			knownRegions = (
				en,
			);
			mainGroup = 2DB3117516D2A99400D9BC33;
			productRefGroup = 2DB3118116D2A99400D9BC33 /* Products */;
			projectDirPath = "";
			projectRoot = "";
			targets = (
				2DB3117F16D2A99400D9BC33 /* Prototype */,
				2D84614116D4B664000EF8AF /* Prototype_Bundled */,
			);
		};
/* End PBXProject section */

/* Begin PBXResourcesBuildPhase section */
		2D84614016D4B664000EF8AF /* Resources */ = {
			isa = PBXResourcesBuildPhase;
			buildActionMask = 2147483647;
			files = (
				2D84614F16D4B664000EF8AF /* InfoPlist.strings in Resources */,
				2D84615516D4B664000EF8AF /* Credits.rtf in Resources */,
			);
			runOnlyForDeploymentPostprocessing = 0;
		};
/* End PBXResourcesBuildPhase section */

/* Begin PBXSourcesBuildPhase section */
		2D84613E16D4B664000EF8AF /* Sources */ = {
			isa = PBXSourcesBuildPhase;
			buildActionMask = 2147483647;
			files = (
				2D84616516D4B74A000EF8AF /* SDLMain.m in Sources */,
			);
			runOnlyForDeploymentPostprocessing = 0;
		};
		2DB3117C16D2A99400D9BC33 /* Sources */ = {
			isa = PBXSourcesBuildPhase;
			buildActionMask = 2147483647;
			files = (
				E6452C371DCA7AA500ED00A9 /* UTIL_SDL.cpp in Sources */,
				E6452C0A1DCA7AA500ED00A9 /* Fighter.cpp in Sources */,
				E6452C321DCA7AA500ED00A9 /* Turret.cpp in Sources */,
				E6452BF91DCA7AA500ED00A9 /* Boss.cpp in Sources */,
				E6452BFE1DCA7AA500ED00A9 /* Bullet.cpp in Sources */,
				E6452C151DCA7AA500ED00A9 /* LadyBird.cpp in Sources */,
				E6452C001DCA7AA500ED00A9 /* CheckPoint.cpp in Sources */,
				E6452C301DCA7AA500ED00A9 /* TriggerSlowDown.cpp in Sources */,
				E6452C131DCA7AA500ED00A9 /* Geo2D.cpp in Sources */,
				E6452C2F1DCA7AA500ED00A9 /* Timer.cpp in Sources */,
				E6452C1A1DCA7AA500ED00A9 /* Player.cpp in Sources */,
				E6452C181DCA7AA500ED00A9 /* MidBoss.cpp in Sources */,
				E6452C0F1DCA7AA500ED00A9 /* FrontEnd.cpp in Sources */,
				E6452C021DCA7AA500ED00A9 /* Demo.cpp in Sources */,
				E6452C101DCA7AA500ED00A9 /* Game.cpp in Sources */,
				E6452C111DCA7AA500ED00A9 /* Generator.cpp in Sources */,
				E6452C251DCA7AA500ED00A9 /* SolarFlare.cpp in Sources */,
				E6452C051DCA7AA500ED00A9 /* Editor.cpp in Sources */,
				E6452C171DCA7AA500ED00A9 /* Map.cpp in Sources */,
				E6452C0B1DCA7AA500ED00A9 /* FileIO.cpp in Sources */,
				E6452C341DCA7AA500ED00A9 /* UTIL_Fade.cpp in Sources */,
				E6452C261DCA7AA500ED00A9 /* Sound.cpp in Sources */,
				E6452C351DCA7AA500ED00A9 /* UTIL_Misc.cpp in Sources */,
				E6452C121DCA7AA500ED00A9 /* Geo2D_Draw.cpp in Sources */,
				E6452BFA1DCA7AA500ED00A9 /* BrainBoss.cpp in Sources */,
				E6452C2E1DCA7AA500ED00A9 /* SuperTurret.cpp in Sources */,
				E6452C071DCA7AA500ED00A9 /* Engine.cpp in Sources */,
				E6452C1F1DCA7AA500ED00A9 /* ProtoType.cpp in Sources */,
				E6452C041DCA7AA500ED00A9 /* Editor_EntityProperties.cpp in Sources */,
				E6452BF71DCA7AA500ED00A9 /* AnimGenerator.cpp in Sources */,
				E6452C2B1DCA7AA500ED00A9 /* SpriteSheet.cpp in Sources */,
				E6452BF81DCA7AA500ED00A9 /* Beam.cpp in Sources */,
				E6452C161DCA7AA500ED00A9 /* Log.cpp in Sources */,
				E6452C1D1DCA7AA500ED00A9 /* PowerUp.cpp in Sources */,
				E6452C2A1DCA7AA500ED00A9 /* SpriteEffect.cpp in Sources */,
				E6452C2C1DCA7AA500ED00A9 /* StarBurst.cpp in Sources */,
				E6452C031DCA7AA500ED00A9 /* Editor_Anims.cpp in Sources */,
				E6452C231DCA7AA500ED00A9 /* Serializer.cpp in Sources */,
				E6452C011DCA7AA500ED00A9 /* Debris.cpp in Sources */,
				E6452BFB1DCA7AA500ED00A9 /* BrainCell.cpp in Sources */,
				E6452C271DCA7AA500ED00A9 /* SpaceTrash.cpp in Sources */,
				E6452C091DCA7AA500ED00A9 /* Explosion.cpp in Sources */,
				E6452C2D1DCA7AA500ED00A9 /* stdafx.cpp in Sources */,
				E6452C081DCA7AA500ED00A9 /* Entity.cpp in Sources */,
				E6452C191DCA7AA500ED00A9 /* Orb.cpp in Sources */,
				E6452C0C1DCA7AA500ED00A9 /* Fire.cpp in Sources */,
				E6452C331DCA7AA500ED00A9 /* UTIL_bitop.cpp in Sources */,
				E6452C361DCA7AA500ED00A9 /* UTIL_openGL.cpp in Sources */,
				E6452C281DCA7AA500ED00A9 /* Sperm.cpp in Sources */,
				E6452C1E1DCA7AA500ED00A9 /* Profiler.cpp in Sources */,
				E6452BFC1DCA7AA500ED00A9 /* BreakScenery.cpp in Sources */,
				E6452BFF1DCA7AA500ED00A9 /* Button.cpp in Sources */,
				E6452C221DCA7AA500ED00A9 /* Rocket.cpp in Sources */,
				E6452C1C1DCA7AA500ED00A9 /* PowerDroid.cpp in Sources */,
				E6452C0E1DCA7AA500ED00A9 /* Font.cpp in Sources */,
				E6452C291DCA7AA500ED00A9 /* Sprite.cpp in Sources */,
				E6452C1B1DCA7AA500ED00A9 /* PostEffects.cpp in Sources */,
				E6452C141DCA7AA500ED00A9 /* HUD.cpp in Sources */,
				E6452BFD1DCA7AA500ED00A9 /* Bug.cpp in Sources */,
				E6452C0D1DCA7AA500ED00A9 /* firebug.cpp in Sources */,
				E6452C241DCA7AA500ED00A9 /* Serpent.cpp in Sources */,
				E6452C211DCA7AA500ED00A9 /* Rhino.cpp in Sources */,
				E6452C061DCA7AA500ED00A9 /* Engine_Generators.cpp in Sources */,
				E6452C311DCA7AA500ED00A9 /* TriggerSpeedUp.cpp in Sources */,
				2DAF064A16D2AEBF006EC098 /* SDLMain.m in Sources */,
				E6452C201DCA7AA500ED00A9 /* RandExplosion.cpp in Sources */,
			);
			runOnlyForDeploymentPostprocessing = 0;
		};
/* End PBXSourcesBuildPhase section */

/* Begin PBXVariantGroup section */
		2D84614D16D4B664000EF8AF /* InfoPlist.strings */ = {
			isa = PBXVariantGroup;
			children = (
				2D84614E16D4B664000EF8AF /* en */,
			);
			name = InfoPlist.strings;
			sourceTree = "<group>";
		};
		2D84615316D4B664000EF8AF /* Credits.rtf */ = {
			isa = PBXVariantGroup;
			children = (
				2D84615416D4B664000EF8AF /* en */,
			);
			name = Credits.rtf;
			sourceTree = "<group>";
		};
/* End PBXVariantGroup section */

/* Begin XCBuildConfiguration section */
		2D84615C16D4B664000EF8AF /* Debug */ = {
			isa = XCBuildConfiguration;
			buildSettings = {
				COMBINE_HIDPI_IMAGES = YES;
				GCC_PRECOMPILE_PREFIX_HEADER = YES;
				GCC_PREFIX_HEADER = "Prototype_Bundled/Prototype_Bundled-Prefix.pch";
				INFOPLIST_FILE = "Prototype_Bundled/Prototype_Bundled-Info.plist";
				LIBRARY_SEARCH_PATHS = (
					"$(inherited)",
					"\"$(SRCROOT)/../../DevIL/devil-1.7.8/projects/xcode/DerivedData/Build/Products/Development\"",
				);
				PRODUCT_BUNDLE_IDENTIFIER = "fabiensanglard.${PRODUCT_NAME:rfc1034identifier}";
				PRODUCT_NAME = Prototype;
				WRAPPER_EXTENSION = app;
			};
			name = Debug;
		};
		2D84615D16D4B664000EF8AF /* Release */ = {
			isa = XCBuildConfiguration;
			buildSettings = {
				COMBINE_HIDPI_IMAGES = YES;
				GCC_PRECOMPILE_PREFIX_HEADER = YES;
				GCC_PREFIX_HEADER = "Prototype_Bundled/Prototype_Bundled-Prefix.pch";
				INFOPLIST_FILE = "Prototype_Bundled/Prototype_Bundled-Info.plist";
				LIBRARY_SEARCH_PATHS = (
					"$(inherited)",
					"\"$(SRCROOT)/../../DevIL/devil-1.7.8/projects/xcode/DerivedData/Build/Products/Development\"",
				);
				PRODUCT_BUNDLE_IDENTIFIER = "fabiensanglard.${PRODUCT_NAME:rfc1034identifier}";
				PRODUCT_NAME = Prototype;
				WRAPPER_EXTENSION = app;
			};
			name = Release;
		};
		2DB3118816D2A99400D9BC33 /* Debug */ = {
			isa = XCBuildConfiguration;
			buildSettings = {
				ALWAYS_SEARCH_USER_PATHS = NO;
				ARCHS = "$(ARCHS_STANDARD)";
				CLANG_WARN_BOOL_CONVERSION = YES;
				CLANG_WARN_CONSTANT_CONVERSION = YES;
				CLANG_WARN_EMPTY_BODY = YES;
				CLANG_WARN_ENUM_CONVERSION = YES;
				CLANG_WARN_INT_CONVERSION = YES;
				CLANG_WARN_UNREACHABLE_CODE = YES;
				CLANG_WARN__DUPLICATE_METHOD_MATCH = YES;
				COPY_PHASE_STRIP = NO;
				ENABLE_STRICT_OBJC_MSGSEND = YES;
				ENABLE_TESTABILITY = YES;
				GCC_C_LANGUAGE_STANDARD = gnu99;
				GCC_DYNAMIC_NO_PIC = NO;
				GCC_ENABLE_OBJC_EXCEPTIONS = YES;
				GCC_NO_COMMON_BLOCKS = YES;
				GCC_OPTIMIZATION_LEVEL = 0;
				GCC_PREPROCESSOR_DEFINITIONS = (
					"DEBUG=1",
					"$(inherited)",
				);
				GCC_SYMBOLS_PRIVATE_EXTERN = NO;
				GCC_VERSION = com.apple.compilers.llvm.clang.1_0;
				GCC_WARN_64_TO_32_BIT_CONVERSION = YES;
				GCC_WARN_ABOUT_RETURN_TYPE = YES;
				GCC_WARN_UNDECLARED_SELECTOR = YES;
				GCC_WARN_UNINITIALIZED_AUTOS = YES;
				GCC_WARN_UNUSED_FUNCTION = YES;
				GCC_WARN_UNUSED_VARIABLE = YES;
				HEADER_SEARCH_PATHS = "";
				MACOSX_DEPLOYMENT_TARGET = 10.10;
				ONLY_ACTIVE_ARCH = YES;
				SDKROOT = macosx;
			};
			name = Debug;
		};
		2DB3118916D2A99400D9BC33 /* Release */ = {
			isa = XCBuildConfiguration;
			buildSettings = {
				ALWAYS_SEARCH_USER_PATHS = NO;
				ARCHS = "$(ARCHS_STANDARD)";
				CLANG_WARN_BOOL_CONVERSION = YES;
				CLANG_WARN_CONSTANT_CONVERSION = YES;
				CLANG_WARN_EMPTY_BODY = YES;
				CLANG_WARN_ENUM_CONVERSION = YES;
				CLANG_WARN_INT_CONVERSION = YES;
				CLANG_WARN_UNREACHABLE_CODE = YES;
				CLANG_WARN__DUPLICATE_METHOD_MATCH = YES;
				COPY_PHASE_STRIP = YES;
				DEBUG_INFORMATION_FORMAT = "dwarf-with-dsym";
				ENABLE_STRICT_OBJC_MSGSEND = YES;
				GCC_C_LANGUAGE_STANDARD = gnu99;
				GCC_ENABLE_OBJC_EXCEPTIONS = YES;
				GCC_NO_COMMON_BLOCKS = YES;
				GCC_VERSION = com.apple.compilers.llvm.clang.1_0;
				GCC_WARN_64_TO_32_BIT_CONVERSION = YES;
				GCC_WARN_ABOUT_RETURN_TYPE = YES;
				GCC_WARN_UNDECLARED_SELECTOR = YES;
				GCC_WARN_UNINITIALIZED_AUTOS = YES;
				GCC_WARN_UNUSED_FUNCTION = YES;
				GCC_WARN_UNUSED_VARIABLE = YES;
				HEADER_SEARCH_PATHS = "";
				MACOSX_DEPLOYMENT_TARGET = 10.10;
				SDKROOT = macosx;
			};
			name = Release;
		};
		2DB3118B16D2A99400D9BC33 /* Debug */ = {
			isa = XCBuildConfiguration;
			buildSettings = {
				FRAMEWORK_SEARCH_PATHS = (
					"$(inherited)",
					"$(LOCAL_LIBRARY_DIR)/Frameworks",
				);
				HEADER_SEARCH_PATHS = /usr/local/include;
				LIBRARY_SEARCH_PATHS = (
					"$(inherited)",
					/usr/local/lib,
				);
				LINK_WITH_STANDARD_LIBRARIES = YES;
				PRODUCT_NAME = "$(TARGET_NAME)";
			};
			name = Debug;
		};
		2DB3118C16D2A99400D9BC33 /* Release */ = {
			isa = XCBuildConfiguration;
			buildSettings = {
				FRAMEWORK_SEARCH_PATHS = (
					"$(inherited)",
					"$(LOCAL_LIBRARY_DIR)/Frameworks",
				);
				HEADER_SEARCH_PATHS = /usr/local/include;
				LIBRARY_SEARCH_PATHS = (
					"$(inherited)",
					/usr/local/lib,
				);
				LINK_WITH_STANDARD_LIBRARIES = YES;
				PRODUCT_NAME = "$(TARGET_NAME)";
			};
			name = Release;
		};
/* End XCBuildConfiguration section */

/* Begin XCConfigurationList section */
		2D84615E16D4B664000EF8AF /* Build configuration list for PBXNativeTarget "Prototype_Bundled" */ = {
			isa = XCConfigurationList;
			buildConfigurations = (
				2D84615C16D4B664000EF8AF /* Debug */,
				2D84615D16D4B664000EF8AF /* Release */,
			);
			defaultConfigurationIsVisible = 0;
			defaultConfigurationName = Release;
		};
		2DB3117A16D2A99400D9BC33 /* Build configuration list for PBXProject "Prototype" */ = {
			isa = XCConfigurationList;
			buildConfigurations = (
				2DB3118816D2A99400D9BC33 /* Debug */,
				2DB3118916D2A99400D9BC33 /* Release */,
			);
			defaultConfigurationIsVisible = 0;
			defaultConfigurationName = Release;
		};
		2DB3118A16D2A99400D9BC33 /* Build configuration list for PBXNativeTarget "Prototype" */ = {
			isa = XCConfigurationList;
			buildConfigurations = (
				2DB3118B16D2A99400D9BC33 /* Debug */,
				2DB3118C16D2A99400D9BC33 /* Release */,
			);
			defaultConfigurationIsVisible = 0;
			defaultConfigurationName = Release;
		};
/* End XCConfigurationList section */
	};
	rootObject = 2DB3117716D2A99400D9BC33 /* Project object */;
}
